// !$*UTF8*$!
{
	archiveVersion = 1;
	classes = {
	};
	objectVersion = 56;
	objects = {

/* Begin PBXBuildFile section */
		7FE5E81328EFD56800B0B256 /* AppDelegate.swift in Sources */ = {isa = PBXBuildFile; fileRef = 7FE5E81228EFD56800B0B256 /* AppDelegate.swift */; };
		7FE5E81528EFD56800B0B256 /* SceneDelegate.swift in Sources */ = {isa = PBXBuildFile; fileRef = 7FE5E81428EFD56800B0B256 /* SceneDelegate.swift */; };
		7FE5E81728EFD56800B0B256 /* ViewController.swift in Sources */ = {isa = PBXBuildFile; fileRef = 7FE5E81628EFD56800B0B256 /* ViewController.swift */; };
		7FE5E81A28EFD56800B0B256 /* Main.storyboard in Resources */ = {isa = PBXBuildFile; fileRef = 7FE5E81828EFD56800B0B256 /* Main.storyboard */; };
		7FE5E81C28EFD56A00B0B256 /* Assets.xcassets in Resources */ = {isa = PBXBuildFile; fileRef = 7FE5E81B28EFD56A00B0B256 /* Assets.xcassets */; };
		7FE5E81F28EFD56A00B0B256 /* LaunchScreen.storyboard in Resources */ = {isa = PBXBuildFile; fileRef = 7FE5E81D28EFD56A00B0B256 /* LaunchScreen.storyboard */; };
		7FE5E82A28EFD56A00B0B256 /* AppBuildOneTests.swift in Sources */ = {isa = PBXBuildFile; fileRef = 7FE5E82928EFD56A00B0B256 /* AppBuildOneTests.swift */; };
		7FE5E83428EFD56A00B0B256 /* AppBuildOneUITests.swift in Sources */ = {isa = PBXBuildFile; fileRef = 7FE5E83328EFD56A00B0B256 /* AppBuildOneUITests.swift */; };
		7FE5E83628EFD56A00B0B256 /* AppBuildOneUITestsLaunchTests.swift in Sources */ = {isa = PBXBuildFile; fileRef = 7FE5E83528EFD56A00B0B256 /* AppBuildOneUITestsLaunchTests.swift */; };
/* End PBXBuildFile section */

/* Begin PBXContainerItemProxy section */
		7FE5E82628EFD56A00B0B256 /* PBXContainerItemProxy */ = {
			isa = PBXContainerItemProxy;
			containerPortal = 7FE5E80728EFD56800B0B256 /* Project object */;
			proxyType = 1;
			remoteGlobalIDString = 7FE5E80E28EFD56800B0B256;
			remoteInfo = AppBuildOne;
		};
		7FE5E83028EFD56A00B0B256 /* PBXContainerItemProxy */ = {
			isa = PBXContainerItemProxy;
			containerPortal = 7FE5E80728EFD56800B0B256 /* Project object */;
			proxyType = 1;
			remoteGlobalIDString = 7FE5E80E28EFD56800B0B256;
			remoteInfo = AppBuildOne;
		};
/* End PBXContainerItemProxy section */

/* Begin PBXFileReference section */
		7FE5E80F28EFD56800B0B256 /* AppBuildOne.app */ = {isa = PBXFileReference; explicitFileType = wrapper.application; includeInIndex = 0; path = AppBuildOne.app; sourceTree = BUILT_PRODUCTS_DIR; };
		7FE5E81228EFD56800B0B256 /* AppDelegate.swift */ = {isa = PBXFileReference; lastKnownFileType = sourcecode.swift; path = AppDelegate.swift; sourceTree = "<group>"; };
		7FE5E81428EFD56800B0B256 /* SceneDelegate.swift */ = {isa = PBXFileReference; lastKnownFileType = sourcecode.swift; path = SceneDelegate.swift; sourceTree = "<group>"; };
		7FE5E81628EFD56800B0B256 /* ViewController.swift */ = {isa = PBXFileReference; lastKnownFileType = sourcecode.swift; path = ViewController.swift; sourceTree = "<group>"; };
		7FE5E81928EFD56800B0B256 /* Base */ = {isa = PBXFileReference; lastKnownFileType = file.storyboard; name = Base; path = Base.lproj/Main.storyboard; sourceTree = "<group>"; };
		7FE5E81B28EFD56A00B0B256 /* Assets.xcassets */ = {isa = PBXFileReference; lastKnownFileType = folder.assetcatalog; path = Assets.xcassets; sourceTree = "<group>"; };
		7FE5E81E28EFD56A00B0B256 /* Base */ = {isa = PBXFileReference; lastKnownFileType = file.storyboard; name = Base; path = Base.lproj/LaunchScreen.storyboard; sourceTree = "<group>"; };
		7FE5E82028EFD56A00B0B256 /* Info.plist */ = {isa = PBXFileReference; lastKnownFileType = text.plist.xml; path = Info.plist; sourceTree = "<group>"; };
		7FE5E82528EFD56A00B0B256 /* AppBuildOneTests.xctest */ = {isa = PBXFileReference; explicitFileType = wrapper.cfbundle; includeInIndex = 0; path = AppBuildOneTests.xctest; sourceTree = BUILT_PRODUCTS_DIR; };
		7FE5E82928EFD56A00B0B256 /* AppBuildOneTests.swift */ = {isa = PBXFileReference; lastKnownFileType = sourcecode.swift; path = AppBuildOneTests.swift; sourceTree = "<group>"; };
		7FE5E82F28EFD56A00B0B256 /* AppBuildOneUITests.xctest */ = {isa = PBXFileReference; explicitFileType = wrapper.cfbundle; includeInIndex = 0; path = AppBuildOneUITests.xctest; sourceTree = BUILT_PRODUCTS_DIR; };
		7FE5E83328EFD56A00B0B256 /* AppBuildOneUITests.swift */ = {isa = PBXFileReference; lastKnownFileType = sourcecode.swift; path = AppBuildOneUITests.swift; sourceTree = "<group>"; };
		7FE5E83528EFD56A00B0B256 /* AppBuildOneUITestsLaunchTests.swift */ = {isa = PBXFileReference; lastKnownFileType = sourcecode.swift; path = AppBuildOneUITestsLaunchTests.swift; sourceTree = "<group>"; };
/* End PBXFileReference section */

/* Begin PBXFrameworksBuildPhase section */
		7FE5E80C28EFD56800B0B256 /* Frameworks */ = {
			isa = PBXFrameworksBuildPhase;
			buildActionMask = 2147483647;
			files = (
			);
			runOnlyForDeploymentPostprocessing = 0;
		};
		7FE5E82228EFD56A00B0B256 /* Frameworks */ = {
			isa = PBXFrameworksBuildPhase;
			buildActionMask = 2147483647;
			files = (
			);
			runOnlyForDeploymentPostprocessing = 0;
		};
		7FE5E82C28EFD56A00B0B256 /* Frameworks */ = {
			isa = PBXFrameworksBuildPhase;
			buildActionMask = 2147483647;
			files = (
			);
			runOnlyForDeploymentPostprocessing = 0;
		};
/* End PBXFrameworksBuildPhase section */

/* Begin PBXGroup section */
		7FE5E80628EFD56800B0B256 = {
			isa = PBXGroup;
			children = (
				7FE5E81128EFD56800B0B256 /* AppBuildOne */,
				7FE5E82828EFD56A00B0B256 /* AppBuildOneTests */,
				7FE5E83228EFD56A00B0B256 /* AppBuildOneUITests */,
				7FE5E81028EFD56800B0B256 /* Products */,
			);
			sourceTree = "<group>";
		};
		7FE5E81028EFD56800B0B256 /* Products */ = {
			isa = PBXGroup;
			children = (
				7FE5E80F28EFD56800B0B256 /* AppBuildOne.app */,
				7FE5E82528EFD56A00B0B256 /* AppBuildOneTests.xctest */,
				7FE5E82F28EFD56A00B0B256 /* AppBuildOneUITests.xctest */,
			);
			name = Products;
			sourceTree = "<group>";
		};
		7FE5E81128EFD56800B0B256 /* AppBuildOne */ = {
			isa = PBXGroup;
			children = (
				7FE5E81228EFD56800B0B256 /* AppDelegate.swift */,
				7FE5E81428EFD56800B0B256 /* SceneDelegate.swift */,
				7FE5E81628EFD56800B0B256 /* ViewController.swift */,
				7FE5E81828EFD56800B0B256 /* Main.storyboard */,
				7FE5E81B28EFD56A00B0B256 /* Assets.xcassets */,
				7FE5E81D28EFD56A00B0B256 /* LaunchScreen.storyboard */,
				7FE5E82028EFD56A00B0B256 /* Info.plist */,
			);
			path = AppBuildOne;
			sourceTree = "<group>";
		};
		7FE5E82828EFD56A00B0B256 /* AppBuildOneTests */ = {
			isa = PBXGroup;
			children = (
				7FE5E82928EFD56A00B0B256 /* AppBuildOneTests.swift */,
			);
			path = AppBuildOneTests;
			sourceTree = "<group>";
		};
		7FE5E83228EFD56A00B0B256 /* AppBuildOneUITests */ = {
			isa = PBXGroup;
			children = (
				7FE5E83328EFD56A00B0B256 /* AppBuildOneUITests.swift */,
				7FE5E83528EFD56A00B0B256 /* AppBuildOneUITestsLaunchTests.swift */,
			);
			path = AppBuildOneUITests;
			sourceTree = "<group>";
		};
/* End PBXGroup section */

/* Begin PBXNativeTarget section */
		7FE5E80E28EFD56800B0B256 /* AppBuildOne */ = {
			isa = PBXNativeTarget;
			buildConfigurationList = 7FE5E83928EFD56A00B0B256 /* Build configuration list for PBXNativeTarget "AppBuildOne" */;
			buildPhases = (
				7FE5E80B28EFD56800B0B256 /* Sources */,
				7FE5E80C28EFD56800B0B256 /* Frameworks */,
				7FE5E80D28EFD56800B0B256 /* Resources */,
			);
			buildRules = (
			);
			dependencies = (
			);
			name = AppBuildOne;
			productName = AppBuildOne;
			productReference = 7FE5E80F28EFD56800B0B256 /* AppBuildOne.app */;
			productType = "com.apple.product-type.application";
		};
		7FE5E82428EFD56A00B0B256 /* AppBuildOneTests */ = {
			isa = PBXNativeTarget;
			buildConfigurationList = 7FE5E83C28EFD56A00B0B256 /* Build configuration list for PBXNativeTarget "AppBuildOneTests" */;
			buildPhases = (
				7FE5E82128EFD56A00B0B256 /* Sources */,
				7FE5E82228EFD56A00B0B256 /* Frameworks */,
				7FE5E82328EFD56A00B0B256 /* Resources */,
			);
			buildRules = (
			);
			dependencies = (
				7FE5E82728EFD56A00B0B256 /* PBXTargetDependency */,
			);
			name = AppBuildOneTests;
			productName = AppBuildOneTests;
			productReference = 7FE5E82528EFD56A00B0B256 /* AppBuildOneTests.xctest */;
			productType = "com.apple.product-type.bundle.unit-test";
		};
		7FE5E82E28EFD56A00B0B256 /* AppBuildOneUITests */ = {
			isa = PBXNativeTarget;
			buildConfigurationList = 7FE5E83F28EFD56A00B0B256 /* Build configuration list for PBXNativeTarget "AppBuildOneUITests" */;
			buildPhases = (
				7FE5E82B28EFD56A00B0B256 /* Sources */,
				7FE5E82C28EFD56A00B0B256 /* Frameworks */,
				7FE5E82D28EFD56A00B0B256 /* Resources */,
			);
			buildRules = (
			);
			dependencies = (
				7FE5E83128EFD56A00B0B256 /* PBXTargetDependency */,
			);
			name = AppBuildOneUITests;
			productName = AppBuildOneUITests;
			productReference = 7FE5E82F28EFD56A00B0B256 /* AppBuildOneUITests.xctest */;
			productType = "com.apple.product-type.bundle.ui-testing";
		};
/* End PBXNativeTarget section */

/* Begin PBXProject section */
		7FE5E80728EFD56800B0B256 /* Project object */ = {
			isa = PBXProject;
			attributes = {
				BuildIndependentTargetsInParallel = 1;
				LastSwiftUpdateCheck = 1400;
				LastUpgradeCheck = 1400;
				TargetAttributes = {
					7FE5E80E28EFD56800B0B256 = {
						CreatedOnToolsVersion = 14.0.1;
					};
					7FE5E82428EFD56A00B0B256 = {
						CreatedOnToolsVersion = 14.0.1;
						TestTargetID = 7FE5E80E28EFD56800B0B256;
					};
					7FE5E82E28EFD56A00B0B256 = {
						CreatedOnToolsVersion = 14.0.1;
						TestTargetID = 7FE5E80E28EFD56800B0B256;
					};
				};
			};
			buildConfigurationList = 7FE5E80A28EFD56800B0B256 /* Build configuration list for PBXProject "AppBuildOne" */;
			compatibilityVersion = "Xcode 14.0";
			developmentRegion = en;
			hasScannedForEncodings = 0;
			knownRegions = (
				en,
				Base,
			);
			mainGroup = 7FE5E80628EFD56800B0B256;
			productRefGroup = 7FE5E81028EFD56800B0B256 /* Products */;
			projectDirPath = "";
			projectRoot = "";
			targets = (
				7FE5E80E28EFD56800B0B256 /* AppBuildOne */,
				7FE5E82428EFD56A00B0B256 /* AppBuildOneTests */,
				7FE5E82E28EFD56A00B0B256 /* AppBuildOneUITests */,
			);
		};
/* End PBXProject section */

/* Begin PBXResourcesBuildPhase section */
		7FE5E80D28EFD56800B0B256 /* Resources */ = {
			isa = PBXResourcesBuildPhase;
			buildActionMask = 2147483647;
			files = (
				7FE5E81F28EFD56A00B0B256 /* LaunchScreen.storyboard in Resources */,
				7FE5E81C28EFD56A00B0B256 /* Assets.xcassets in Resources */,
				7FE5E81A28EFD56800B0B256 /* Main.storyboard in Resources */,
			);
			runOnlyForDeploymentPostprocessing = 0;
		};
		7FE5E82328EFD56A00B0B256 /* Resources */ = {
			isa = PBXResourcesBuildPhase;
			buildActionMask = 2147483647;
			files = (
			);
			runOnlyForDeploymentPostprocessing = 0;
		};
		7FE5E82D28EFD56A00B0B256 /* Resources */ = {
			isa = PBXResourcesBuildPhase;
			buildActionMask = 2147483647;
			files = (
			);
			runOnlyForDeploymentPostprocessing = 0;
		};
/* End PBXResourcesBuildPhase section */

/* Begin PBXSourcesBuildPhase section */
		7FE5E80B28EFD56800B0B256 /* Sources */ = {
			isa = PBXSourcesBuildPhase;
			buildActionMask = 2147483647;
			files = (
				7FE5E81728EFD56800B0B256 /* ViewController.swift in Sources */,
				7FE5E81328EFD56800B0B256 /* AppDelegate.swift in Sources */,
				7FE5E81528EFD56800B0B256 /* SceneDelegate.swift in Sources */,
			);
			runOnlyForDeploymentPostprocessing = 0;
		};
		7FE5E82128EFD56A00B0B256 /* Sources */ = {
			isa = PBXSourcesBuildPhase;
			buildActionMask = 2147483647;
			files = (
				7FE5E82A28EFD56A00B0B256 /* AppBuildOneTests.swift in Sources */,
			);
			runOnlyForDeploymentPostprocessing = 0;
		};
		7FE5E82B28EFD56A00B0B256 /* Sources */ = {
			isa = PBXSourcesBuildPhase;
			buildActionMask = 2147483647;
			files = (
				7FE5E83628EFD56A00B0B256 /* AppBuildOneUITestsLaunchTests.swift in Sources */,
				7FE5E83428EFD56A00B0B256 /* AppBuildOneUITests.swift in Sources */,
			);
			runOnlyForDeploymentPostprocessing = 0;
		};
/* End PBXSourcesBuildPhase section */

/* Begin PBXTargetDependency section */
		7FE5E82728EFD56A00B0B256 /* PBXTargetDependency */ = {
			isa = PBXTargetDependency;
			target = 7FE5E80E28EFD56800B0B256 /* AppBuildOne */;
			targetProxy = 7FE5E82628EFD56A00B0B256 /* PBXContainerItemProxy */;
		};
		7FE5E83128EFD56A00B0B256 /* PBXTargetDependency */ = {
			isa = PBXTargetDependency;
			target = 7FE5E80E28EFD56800B0B256 /* AppBuildOne */;
			targetProxy = 7FE5E83028EFD56A00B0B256 /* PBXContainerItemProxy */;
		};
/* End PBXTargetDependency section */

/* Begin PBXVariantGroup section */
		7FE5E81828EFD56800B0B256 /* Main.storyboard */ = {
			isa = PBXVariantGroup;
			children = (
				7FE5E81928EFD56800B0B256 /* Base */,
			);
			name = Main.storyboard;
			sourceTree = "<group>";
		};
		7FE5E81D28EFD56A00B0B256 /* LaunchScreen.storyboard */ = {
			isa = PBXVariantGroup;
			children = (
				7FE5E81E28EFD56A00B0B256 /* Base */,
			);
			name = LaunchScreen.storyboard;
			sourceTree = "<group>";
		};
/* End PBXVariantGroup section */

/* Begin XCBuildConfiguration section */
		7FE5E83728EFD56A00B0B256 /* Debug */ = {
			isa = XCBuildConfiguration;
			buildSettings = {
				ALWAYS_SEARCH_USER_PATHS = NO;
				CLANG_ANALYZER_NONNULL = YES;
				CLANG_ANALYZER_NUMBER_OBJECT_CONVERSION = YES_AGGRESSIVE;
				CLANG_CXX_LANGUAGE_STANDARD = "gnu++20";
				CLANG_ENABLE_MODULES = YES;
				CLANG_ENABLE_OBJC_ARC = YES;
				CLANG_ENABLE_OBJC_WEAK = YES;
				CLANG_WARN_BLOCK_CAPTURE_AUTORELEASING = YES;
				CLANG_WARN_BOOL_CONVERSION = YES;
				CLANG_WARN_COMMA = YES;
				CLANG_WARN_CONSTANT_CONVERSION = YES;
				CLANG_WARN_DEPRECATED_OBJC_IMPLEMENTATIONS = YES;
				CLANG_WARN_DIRECT_OBJC_ISA_USAGE = YES_ERROR;
				CLANG_WARN_DOCUMENTATION_COMMENTS = YES;
				CLANG_WARN_EMPTY_BODY = YES;
				CLANG_WARN_ENUM_CONVERSION = YES;
				CLANG_WARN_INFINITE_RECURSION = YES;
				CLANG_WARN_INT_CONVERSION = YES;
				CLANG_WARN_NON_LITERAL_NULL_CONVERSION = YES;
				CLANG_WARN_OBJC_IMPLICIT_RETAIN_SELF = YES;
				CLANG_WARN_OBJC_LITERAL_CONVERSION = YES;
				CLANG_WARN_OBJC_ROOT_CLASS = YES_ERROR;
				CLANG_WARN_QUOTED_INCLUDE_IN_FRAMEWORK_HEADER = YES;
				CLANG_WARN_RANGE_LOOP_ANALYSIS = YES;
				CLANG_WARN_STRICT_PROTOTYPES = YES;
				CLANG_WARN_SUSPICIOUS_MOVE = YES;
				CLANG_WARN_UNGUARDED_AVAILABILITY = YES_AGGRESSIVE;
				CLANG_WARN_UNREACHABLE_CODE = YES;
				CLANG_WARN__DUPLICATE_METHOD_MATCH = YES;
				COPY_PHASE_STRIP = NO;
				DEBUG_INFORMATION_FORMAT = dwarf;
				ENABLE_STRICT_OBJC_MSGSEND = YES;
				ENABLE_TESTABILITY = YES;
				GCC_C_LANGUAGE_STANDARD = gnu11;
				GCC_DYNAMIC_NO_PIC = NO;
				GCC_NO_COMMON_BLOCKS = YES;
				GCC_OPTIMIZATION_LEVEL = 0;
				GCC_PREPROCESSOR_DEFINITIONS = (
					"DEBUG=1",
					"$(inherited)",
				);
				GCC_WARN_64_TO_32_BIT_CONVERSION = YES;
				GCC_WARN_ABOUT_RETURN_TYPE = YES_ERROR;
				GCC_WARN_UNDECLARED_SELECTOR = YES;
				GCC_WARN_UNINITIALIZED_AUTOS = YES_AGGRESSIVE;
				GCC_WARN_UNUSED_FUNCTION = YES;
				GCC_WARN_UNUSED_VARIABLE = YES;
				IPHONEOS_DEPLOYMENT_TARGET = 16.0;
				MTL_ENABLE_DEBUG_INFO = INCLUDE_SOURCE;
				MTL_FAST_MATH = YES;
				ONLY_ACTIVE_ARCH = YES;
				SDKROOT = iphoneos;
				SWIFT_ACTIVE_COMPILATION_CONDITIONS = DEBUG;
				SWIFT_OPTIMIZATION_LEVEL = "-Onone";
			};
			name = Debug;
		};
		7FE5E83828EFD56A00B0B256 /* Release */ = {
			isa = XCBuildConfiguration;
			buildSettings = {
				ALWAYS_SEARCH_USER_PATHS = NO;
				CLANG_ANALYZER_NONNULL = YES;
				CLANG_ANALYZER_NUMBER_OBJECT_CONVERSION = YES_AGGRESSIVE;
				CLANG_CXX_LANGUAGE_STANDARD = "gnu++20";
				CLANG_ENABLE_MODULES = YES;
				CLANG_ENABLE_OBJC_ARC = YES;
				CLANG_ENABLE_OBJC_WEAK = YES;
				CLANG_WARN_BLOCK_CAPTURE_AUTORELEASING = YES;
				CLANG_WARN_BOOL_CONVERSION = YES;
				CLANG_WARN_COMMA = YES;
				CLANG_WARN_CONSTANT_CONVERSION = YES;
				CLANG_WARN_DEPRECATED_OBJC_IMPLEMENTATIONS = YES;
				CLANG_WARN_DIRECT_OBJC_ISA_USAGE = YES_ERROR;
				CLANG_WARN_DOCUMENTATION_COMMENTS = YES;
				CLANG_WARN_EMPTY_BODY = YES;
				CLANG_WARN_ENUM_CONVERSION = YES;
				CLANG_WARN_INFINITE_RECURSION = YES;
				CLANG_WARN_INT_CONVERSION = YES;
				CLANG_WARN_NON_LITERAL_NULL_CONVERSION = YES;
				CLANG_WARN_OBJC_IMPLICIT_RETAIN_SELF = YES;
				CLANG_WARN_OBJC_LITERAL_CONVERSION = YES;
				CLANG_WARN_OBJC_ROOT_CLASS = YES_ERROR;
				CLANG_WARN_QUOTED_INCLUDE_IN_FRAMEWORK_HEADER = YES;
				CLANG_WARN_RANGE_LOOP_ANALYSIS = YES;
				CLANG_WARN_STRICT_PROTOTYPES = YES;
				CLANG_WARN_SUSPICIOUS_MOVE = YES;
				CLANG_WARN_UNGUARDED_AVAILABILITY = YES_AGGRESSIVE;
				CLANG_WARN_UNREACHABLE_CODE = YES;
				CLANG_WARN__DUPLICATE_METHOD_MATCH = YES;
				COPY_PHASE_STRIP = NO;
				DEBUG_INFORMATION_FORMAT = "dwarf-with-dsym";
				ENABLE_NS_ASSERTIONS = NO;
				ENABLE_STRICT_OBJC_MSGSEND = YES;
				GCC_C_LANGUAGE_STANDARD = gnu11;
				GCC_NO_COMMON_BLOCKS = YES;
				GCC_WARN_64_TO_32_BIT_CONVERSION = YES;
				GCC_WARN_ABOUT_RETURN_TYPE = YES_ERROR;
				GCC_WARN_UNDECLARED_SELECTOR = YES;
				GCC_WARN_UNINITIALIZED_AUTOS = YES_AGGRESSIVE;
				GCC_WARN_UNUSED_FUNCTION = YES;
				GCC_WARN_UNUSED_VARIABLE = YES;
				IPHONEOS_DEPLOYMENT_TARGET = 16.0;
				MTL_ENABLE_DEBUG_INFO = NO;
				MTL_FAST_MATH = YES;
				SDKROOT = iphoneos;
				SWIFT_COMPILATION_MODE = wholemodule;
				SWIFT_OPTIMIZATION_LEVEL = "-O";
				VALIDATE_PRODUCT = YES;
			};
			name = Release;
		};
		7FE5E83A28EFD56A00B0B256 /* Debug */ = {
			isa = XCBuildConfiguration;
			buildSettings = {
				ASSETCATALOG_COMPILER_APPICON_NAME = AppIcon;
				ASSETCATALOG_COMPILER_GLOBAL_ACCENT_COLOR_NAME = AccentColor;
				CODE_SIGN_STYLE = Automatic;
				CURRENT_PROJECT_VERSION = 1;
				DEVELOPMENT_TEAM = VPYNKX63VC;
				GENERATE_INFOPLIST_FILE = YES;
				INFOPLIST_FILE = AppBuildOne/Info.plist;
				INFOPLIST_KEY_UIApplicationSupportsIndirectInputEvents = YES;
				INFOPLIST_KEY_UILaunchStoryboardName = LaunchScreen;
				INFOPLIST_KEY_UIMainStoryboardFile = Main;
				INFOPLIST_KEY_UISupportedInterfaceOrientations_iPad = "UIInterfaceOrientationPortrait UIInterfaceOrientationPortraitUpsideDown UIInterfaceOrientationLandscapeLeft UIInterfaceOrientationLandscapeRight";
				INFOPLIST_KEY_UISupportedInterfaceOrientations_iPhone = "UIInterfaceOrientationPortrait UIInterfaceOrientationLandscapeLeft UIInterfaceOrientationLandscapeRight";
				LD_RUNPATH_SEARCH_PATHS = (
					"$(inherited)",
					"@executable_path/Frameworks",
				);
				MARKETING_VERSION = 1.0;
				PRODUCT_BUNDLE_IDENTIFIER = UHWO.AppBuildOne;
				PRODUCT_NAME = "$(TARGET_NAME)";
				SWIFT_EMIT_LOC_STRINGS = YES;
				SWIFT_VERSION = 5.0;
				TARGETED_DEVICE_FAMILY = "1,2";
			};
			name = Debug;
		};
		7FE5E83B28EFD56A00B0B256 /* Release */ = {
			isa = XCBuildConfiguration;
			buildSettings = {
				ASSETCATALOG_COMPILER_APPICON_NAME = AppIcon;
				ASSETCATALOG_COMPILER_GLOBAL_ACCENT_COLOR_NAME = AccentColor;
				CODE_SIGN_STYLE = Automatic;
				CURRENT_PROJECT_VERSION = 1;
				DEVELOPMENT_TEAM = VPYNKX63VC;
				GENERATE_INFOPLIST_FILE = YES;
				INFOPLIST_FILE = AppBuildOne/Info.plist;
				INFOPLIST_KEY_UIApplicationSupportsIndirectInputEvents = YES;
				INFOPLIST_KEY_UILaunchStoryboardName = LaunchScreen;
				INFOPLIST_KEY_UIMainStoryboardFile = Main;
				INFOPLIST_KEY_UISupportedInterfaceOrientations_iPad = "UIInterfaceOrientationPortrait UIInterfaceOrientationPortraitUpsideDown UIInterfaceOrientationLandscapeLeft UIInterfaceOrientationLandscapeRight";
				INFOPLIST_KEY_UISupportedInterfaceOrientations_iPhone = "UIInterfaceOrientationPortrait UIInterfaceOrientationLandscapeLeft UIInterfaceOrientationLandscapeRight";
				LD_RUNPATH_SEARCH_PATHS = (
					"$(inherited)",
					"@executable_path/Frameworks",
				);
				MARKETING_VERSION = 1.0;
				PRODUCT_BUNDLE_IDENTIFIER = UHWO.AppBuildOne;
				PRODUCT_NAME = "$(TARGET_NAME)";
				SWIFT_EMIT_LOC_STRINGS = YES;
				SWIFT_VERSION = 5.0;
				TARGETED_DEVICE_FAMILY = "1,2";
			};
			name = Release;
		};
		7FE5E83D28EFD56A00B0B256 /* Debug */ = {
			isa = XCBuildConfiguration;
			buildSettings = {
				ALWAYS_EMBED_SWIFT_STANDARD_LIBRARIES = YES;
				BUNDLE_LOADER = "$(TEST_HOST)";
				CODE_SIGN_STYLE = Automatic;
				CURRENT_PROJECT_VERSION = 1;
				DEVELOPMENT_TEAM = VPYNKX63VC;
				GENERATE_INFOPLIST_FILE = YES;
				IPHONEOS_DEPLOYMENT_TARGET = 16.0;
				MARKETING_VERSION = 1.0;
				PRODUCT_BUNDLE_IDENTIFIER = UHWO.AppBuildOneTests;
				PRODUCT_NAME = "$(TARGET_NAME)";
				SWIFT_EMIT_LOC_STRINGS = NO;
				SWIFT_VERSION = 5.0;
				TARGETED_DEVICE_FAMILY = "1,2";
				TEST_HOST = "$(BUILT_PRODUCTS_DIR)/AppBuildOne.app/$(BUNDLE_EXECUTABLE_FOLDER_PATH)/AppBuildOne";
			};
			name = Debug;
		};
		7FE5E83E28EFD56A00B0B256 /* Release */ = {
			isa = XCBuildConfiguration;
			buildSettings = {
				ALWAYS_EMBED_SWIFT_STANDARD_LIBRARIES = YES;
				BUNDLE_LOADER = "$(TEST_HOST)";
				CODE_SIGN_STYLE = Automatic;
				CURRENT_PROJECT_VERSION = 1;
				DEVELOPMENT_TEAM = VPYNKX63VC;
				GENERATE_INFOPLIST_FILE = YES;
				IPHONEOS_DEPLOYMENT_TARGET = 16.0;
				MARKETING_VERSION = 1.0;
				PRODUCT_BUNDLE_IDENTIFIER = UHWO.AppBuildOneTests;
				PRODUCT_NAME = "$(TARGET_NAME)";
				SWIFT_EMIT_LOC_STRINGS = NO;
				SWIFT_VERSION = 5.0;
				TARGETED_DEVICE_FAMILY = "1,2";
				TEST_HOST = "$(BUILT_PRODUCTS_DIR)/AppBuildOne.app/$(BUNDLE_EXECUTABLE_FOLDER_PATH)/AppBuildOne";
			};
			name = Release;
		};
		7FE5E84028EFD56A00B0B256 /* Debug */ = {
			isa = XCBuildConfiguration;
			buildSettings = {
				ALWAYS_EMBED_SWIFT_STANDARD_LIBRARIES = YES;
				CODE_SIGN_STYLE = Automatic;
				CURRENT_PROJECT_VERSION = 1;
				DEVELOPMENT_TEAM = VPYNKX63VC;
				GENERATE_INFOPLIST_FILE = YES;
				MARKETING_VERSION = 1.0;
				PRODUCT_BUNDLE_IDENTIFIER = UHWO.AppBuildOneUITests;
				PRODUCT_NAME = "$(TARGET_NAME)";
				SWIFT_EMIT_LOC_STRINGS = NO;
				SWIFT_VERSION = 5.0;
				TARGETED_DEVICE_FAMILY = "1,2";
				TEST_TARGET_NAME = AppBuildOne;
			};
			name = Debug;
		};
		7FE5E84128EFD56A00B0B256 /* Release */ = {
			isa = XCBuildConfiguration;
			buildSettings = {
				ALWAYS_EMBED_SWIFT_STANDARD_LIBRARIES = YES;
				CODE_SIGN_STYLE = Automatic;
				CURRENT_PROJECT_VERSION = 1;
				DEVELOPMENT_TEAM = VPYNKX63VC;
				GENERATE_INFOPLIST_FILE = YES;
				MARKETING_VERSION = 1.0;
				PRODUCT_BUNDLE_IDENTIFIER = UHWO.AppBuildOneUITests;
				PRODUCT_NAME = "$(TARGET_NAME)";
				SWIFT_EMIT_LOC_STRINGS = NO;
				SWIFT_VERSION = 5.0;
				TARGETED_DEVICE_FAMILY = "1,2";
				TEST_TARGET_NAME = AppBuildOne;
			};
			name = Release;
		};
/* End XCBuildConfiguration section */

/* Begin XCConfigurationList section */
		7FE5E80A28EFD56800B0B256 /* Build configuration list for PBXProject "AppBuildOne" */ = {
			isa = XCConfigurationList;
			buildConfigurations = (
				7FE5E83728EFD56A00B0B256 /* Debug */,
				7FE5E83828EFD56A00B0B256 /* Release */,
			);
			defaultConfigurationIsVisible = 0;
			defaultConfigurationName = Release;
		};
		7FE5E83928EFD56A00B0B256 /* Build configuration list for PBXNativeTarget "AppBuildOne" */ = {
			isa = XCConfigurationList;
			buildConfigurations = (
				7FE5E83A28EFD56A00B0B256 /* Debug */,
				7FE5E83B28EFD56A00B0B256 /* Release */,
			);
			defaultConfigurationIsVisible = 0;
			defaultConfigurationName = Release;
		};
		7FE5E83C28EFD56A00B0B256 /* Build configuration list for PBXNativeTarget "AppBuildOneTests" */ = {
			isa = XCConfigurationList;
			buildConfigurations = (
				7FE5E83D28EFD56A00B0B256 /* Debug */,
				7FE5E83E28EFD56A00B0B256 /* Release */,
			);
			defaultConfigurationIsVisible = 0;
			defaultConfigurationName = Release;
		};
		7FE5E83F28EFD56A00B0B256 /* Build configuration list for PBXNativeTarget "AppBuildOneUITests" */ = {
			isa = XCConfigurationList;
			buildConfigurations = (
				7FE5E84028EFD56A00B0B256 /* Debug */,
				7FE5E84128EFD56A00B0B256 /* Release */,
			);
			defaultConfigurationIsVisible = 0;
			defaultConfigurationName = Release;
		};
/* End XCConfigurationList section */
	};
	rootObject = 7FE5E80728EFD56800B0B256 /* Project object */;
}
